
Microsoft Visual Studio Solution File, Format Version 12.00
# Visual Studio Version 16
VisualStudioVersion = 16.0.31410.357
MinimumVisualStudioVersion = 10.0.40219.1
Project("{FAE04EC0-301F-11D3-BF4B-00C04F79EFBC}") = "json2obj_lib", "json2obj_lib\json2obj_lib.csproj", "{5C2B1A9F-6DF3-4D60-8626-7E02CA5EF012}"
EndProject
Project("{FAE04EC0-301F-11D3-BF4B-00C04F79EFBC}") = "json2obj_console_test", "json2obj_console_test\json2obj_console_test.csproj", "{5585EB55-B85E-440C-AD5B-6B4E339C2843}"
EndProject
Global
	GlobalSection(SolutionConfigurationPlatforms) = preSolution
		Debug|Any CPU = Debug|Any CPU
		Release|Any CPU = Release|Any CPU
	EndGlobalSection
	GlobalSection(ProjectConfigurationPlatforms) = postSolution
		{5C2B1A9F-6DF3-4D60-8626-7E02CA5EF012}.Debug|Any CPU.ActiveCfg = Debug|Any CPU
		{5C2B1A9F-6DF3-4D60-8626-7E02CA5EF012}.Debug|Any CPU.Build.0 = Debug|Any CPU
		{5C2B1A9F-6DF3-4D60-8626-7E02CA5EF012}.Release|Any CPU.ActiveCfg = Release|Any CPU
		{5C2B1A9F-6DF3-4D60-8626-7E02CA5EF012}.Release|Any CPU.Build.0 = Release|Any CPU
		{5585EB55-B85E-440C-AD5B-6B4E339C2843}.Debug|Any CPU.ActiveCfg = Debug|Any CPU
		{5585EB55-B85E-440C-AD5B-6B4E339C2843}.Debug|Any CPU.Build.0 = Debug|Any CPU
		{5585EB55-B85E-440C-AD5B-6B4E339C2843}.Release|Any CPU.ActiveCfg = Release|Any CPU
		{5585EB55-B85E-440C-AD5B-6B4E339C2843}.Release|Any CPU.Build.0 = Release|Any CPU
	EndGlobalSection
	GlobalSection(SolutionProperties) = preSolution
		HideSolutionNode = FALSE
	EndGlobalSection
	GlobalSection(ExtensibilityGlobals) = postSolution
		SolutionGuid = {FB67CA8E-2671-4A10-A3BF-8720AF76D1BD}
	EndGlobalSection
EndGlobal
